Microsoft Visual Studio Solution File, Format Version 12.00
# Visual Studio Version 17
VisualStudioVersion = 17.5.2.0
MinimumVisualStudioVersion = 10.0.40219.1
Project("{FAE04EC0-301F-11D3-BF4B-00C04F79EFBC}") = "tinhchisoMBI", "tinhchisoMBI.csproj", "{093B0AE7-23A5-B5A1-5D32-6B93059E7EDC}"
EndProject
Global
	GlobalSection(SolutionConfigurationPlatforms) = preSolution
		Debug|Any CPU = Debug|Any CPU
		Release|Any CPU = Release|Any CPU
	EndGlobalSection
	GlobalSection(ProjectConfigurationPlatforms) = postSolution
		{093B0AE7-23A5-B5A1-5D32-6B93059E7EDC}.Debug|Any CPU.ActiveCfg = Debug|Any CPU
		{093B0AE7-23A5-B5A1-5D32-6B93059E7EDC}.Debug|Any CPU.Build.0 = Debug|Any CPU
		{093B0AE7-23A5-B5A1-5D32-6B93059E7EDC}.Release|Any CPU.ActiveCfg = Release|Any CPU
		{093B0AE7-23A5-B5A1-5D32-6B93059E7EDC}.Release|Any CPU.Build.0 = Release|Any CPU
	EndGlobalSection
	GlobalSection(SolutionProperties) = preSolution
		HideSolutionNode = FALSE
	EndGlobalSection
	GlobalSection(ExtensibilityGlobals) = postSolution
		SolutionGuid = {B32AFDE5-0444-41A8-816E-C4CC40275E49}
	EndGlobalSection
EndGlobal
